org.pocketworkstation.pckeyboard ae1e4aa2afa6b1ffa03dc2a386006104da51e4b3efad376a19f1ee92f55e50bc
rkr.simplekeyboard.inputmethod 9bf99d5cbac7ae0169c8aae03e2b0979464a0787842e3e14d2b5e1fdf6c4680c
com.menny.android.anysoftkeyboard 716be98a10a886045cc3c39a7abaf501b9434b9602b25d02a89c326b7c7b9d0a
dev.patrickgold.florisboard 836b2fe18924fad835656132465f6ccb865dbcd60be8d270660579df77952d94
juloo.keyboard2 9f2ed3b0ff79e892780e986e602d63cb74bd3099a454daca56024cb7d606b99c
org.smc.inputmethod.indic ee706b73501f798ddecaaddb9b516d56c1f40e638604e7d24e23e11d0d19cec4
com.simejikeyboard 4e5a78c0450316e38afab3ecb6bac9932c095f2b34360c40129857b78657e24f
base.apk 4e5a78c0450316e38afab3ecb6bac9932c095f2b34360c40129857b78657e24f
